
Microsoft Visual Studio Solution File, Format Version 12.00
# Visual Studio 2013
VisualStudioVersion = 12.0.20827.3
MinimumVisualStudioVersion = 10.0.40219.1
Project("{FAE04EC0-301F-11D3-BF4B-00C04F79EFBC}") = "WiredUpWebApi", "WiredUpWebApi\WiredUpWebApi.csproj", "{A9C3C9A3-D72F-4080-8651-06016BD0E516}"
EndProject
Project("{FAE04EC0-301F-11D3-BF4B-00C04F79EFBC}") = "WiredUpWebApi.Models", "WiredUpWebApi.Models\WiredUpWebApi.Models.csproj", "{A36DC8F8-1C9F-44FA-97FF-F74997A8EB65}"
EndProject
Project("{FAE04EC0-301F-11D3-BF4B-00C04F79EFBC}") = "WiredUpWebApi.Data", "WiredUpWebApi.Data\WiredUpWebApi.Data.csproj", "{563835D5-9903-4F03-9125-B77D2FEAE640}"
EndProject
Global
	GlobalSection(SolutionConfigurationPlatforms) = preSolution
		Debug|Any CPU = Debug|Any CPU
		Release|Any CPU = Release|Any CPU
	EndGlobalSection
	GlobalSection(ProjectConfigurationPlatforms) = postSolution
		{A9C3C9A3-D72F-4080-8651-06016BD0E516}.Debug|Any CPU.ActiveCfg = Debug|Any CPU
		{A9C3C9A3-D72F-4080-8651-06016BD0E516}.Debug|Any CPU.Build.0 = Debug|Any CPU
		{A9C3C9A3-D72F-4080-8651-06016BD0E516}.Release|Any CPU.ActiveCfg = Release|Any CPU
		{A9C3C9A3-D72F-4080-8651-06016BD0E516}.Release|Any CPU.Build.0 = Release|Any CPU
		{A36DC8F8-1C9F-44FA-97FF-F74997A8EB65}.Debug|Any CPU.ActiveCfg = Debug|Any CPU
		{A36DC8F8-1C9F-44FA-97FF-F74997A8EB65}.Debug|Any CPU.Build.0 = Debug|Any CPU
		{A36DC8F8-1C9F-44FA-97FF-F74997A8EB65}.Release|Any CPU.ActiveCfg = Release|Any CPU
		{A36DC8F8-1C9F-44FA-97FF-F74997A8EB65}.Release|Any CPU.Build.0 = Release|Any CPU
		{563835D5-9903-4F03-9125-B77D2FEAE640}.Debug|Any CPU.ActiveCfg = Debug|Any CPU
		{563835D5-9903-4F03-9125-B77D2FEAE640}.Debug|Any CPU.Build.0 = Debug|Any CPU
		{563835D5-9903-4F03-9125-B77D2FEAE640}.Release|Any CPU.ActiveCfg = Release|Any CPU
		{563835D5-9903-4F03-9125-B77D2FEAE640}.Release|Any CPU.Build.0 = Release|Any CPU
	EndGlobalSection
	GlobalSection(SolutionProperties) = preSolution
		HideSolutionNode = FALSE
	EndGlobalSection
EndGlobal
